
Microsoft Visual Studio Solution File, Format Version 12.00
# Visual Studio 15
VisualStudioVersion = 15.0.28307.1000
MinimumVisualStudioVersion = 10.0.40219.1
Project("{8BC9CEB8-8B4A-11D0-8D11-00A0C91BC942}") = "temp", "temp\temp.vcxproj", "{81F16AAB-5F26-41BE-8544-0899A3990F3E}"
EndProject
Global
	GlobalSection(SolutionConfigurationPlatforms) = preSolution
		Debug|x64 = Debug|x64
		Debug|x86 = Debug|x86
		Release|x64 = Release|x64
		Release|x86 = Release|x86
	EndGlobalSection
	GlobalSection(ProjectConfigurationPlatforms) = postSolution
		{81F16AAB-5F26-41BE-8544-0899A3990F3E}.Debug|x64.ActiveCfg = Debug|x64
		{81F16AAB-5F26-41BE-8544-0899A3990F3E}.Debug|x64.Build.0 = Debug|x64
		{81F16AAB-5F26-41BE-8544-0899A3990F3E}.Debug|x86.ActiveCfg = Debug|Win32
		{81F16AAB-5F26-41BE-8544-0899A3990F3E}.Debug|x86.Build.0 = Debug|Win32
		{81F16AAB-5F26-41BE-8544-0899A3990F3E}.Release|x64.ActiveCfg = Release|x64
		{81F16AAB-5F26-41BE-8544-0899A3990F3E}.Release|x64.Build.0 = Release|x64
		{81F16AAB-5F26-41BE-8544-0899A3990F3E}.Release|x86.ActiveCfg = Release|Win32
		{81F16AAB-5F26-41BE-8544-0899A3990F3E}.Release|x86.Build.0 = Release|Win32
	EndGlobalSection
	GlobalSection(SolutionProperties) = preSolution
		HideSolutionNode = FALSE
	EndGlobalSection
	GlobalSection(ExtensibilityGlobals) = postSolution
		SolutionGuid = {2BFB9007-8E1D-41B6-BC52-AC9029BF525F}
	EndGlobalSection
EndGlobal
