
Microsoft Visual Studio Solution File, Format Version 12.00
# Visual Studio 15
VisualStudioVersion = 15.0.28307.572
MinimumVisualStudioVersion = 10.0.40219.1
Project("{8BC9CEB8-8B4A-11D0-8D11-00A0C91BC942}") = "Project2", "Project2\Project2.vcxproj", "{FDA0570E-95B0-43A8-A2F0-0D9EC0AF03CF}"
EndProject
Global
	GlobalSection(SolutionConfigurationPlatforms) = preSolution
		Debug|x64 = Debug|x64
		Debug|x86 = Debug|x86
		Release|x64 = Release|x64
		Release|x86 = Release|x86
	EndGlobalSection
	GlobalSection(ProjectConfigurationPlatforms) = postSolution
		{FDA0570E-95B0-43A8-A2F0-0D9EC0AF03CF}.Debug|x64.ActiveCfg = Debug|x64
		{FDA0570E-95B0-43A8-A2F0-0D9EC0AF03CF}.Debug|x64.Build.0 = Debug|x64
		{FDA0570E-95B0-43A8-A2F0-0D9EC0AF03CF}.Debug|x86.ActiveCfg = Debug|Win32
		{FDA0570E-95B0-43A8-A2F0-0D9EC0AF03CF}.Debug|x86.Build.0 = Debug|Win32
		{FDA0570E-95B0-43A8-A2F0-0D9EC0AF03CF}.Release|x64.ActiveCfg = Release|x64
		{FDA0570E-95B0-43A8-A2F0-0D9EC0AF03CF}.Release|x64.Build.0 = Release|x64
		{FDA0570E-95B0-43A8-A2F0-0D9EC0AF03CF}.Release|x86.ActiveCfg = Release|Win32
		{FDA0570E-95B0-43A8-A2F0-0D9EC0AF03CF}.Release|x86.Build.0 = Release|Win32
	EndGlobalSection
	GlobalSection(SolutionProperties) = preSolution
		HideSolutionNode = FALSE
	EndGlobalSection
	GlobalSection(ExtensibilityGlobals) = postSolution
		SolutionGuid = {D96D4E7C-A572-4D6F-85C9-A1BF28011719}
	EndGlobalSection
EndGlobal
