
Microsoft Visual Studio Solution File, Format Version 12.00
# Visual Studio 15
VisualStudioVersion = 15.0.28307.1000
MinimumVisualStudioVersion = 10.0.40219.1
Project("{8BC9CEB8-8B4A-11D0-8D11-00A0C91BC942}") = "PriorityQueue", "PriorityQueue\PriorityQueue.vcxproj", "{B8BFC3B7-F8D1-413C-8190-C6C0DAE0F05B}"
EndProject
Global
	GlobalSection(SolutionConfigurationPlatforms) = preSolution
		Debug|x64 = Debug|x64
		Debug|x86 = Debug|x86
		Release|x64 = Release|x64
		Release|x86 = Release|x86
	EndGlobalSection
	GlobalSection(ProjectConfigurationPlatforms) = postSolution
		{B8BFC3B7-F8D1-413C-8190-C6C0DAE0F05B}.Debug|x64.ActiveCfg = Debug|x64
		{B8BFC3B7-F8D1-413C-8190-C6C0DAE0F05B}.Debug|x64.Build.0 = Debug|x64
		{B8BFC3B7-F8D1-413C-8190-C6C0DAE0F05B}.Debug|x86.ActiveCfg = Debug|Win32
		{B8BFC3B7-F8D1-413C-8190-C6C0DAE0F05B}.Debug|x86.Build.0 = Debug|Win32
		{B8BFC3B7-F8D1-413C-8190-C6C0DAE0F05B}.Release|x64.ActiveCfg = Release|x64
		{B8BFC3B7-F8D1-413C-8190-C6C0DAE0F05B}.Release|x64.Build.0 = Release|x64
		{B8BFC3B7-F8D1-413C-8190-C6C0DAE0F05B}.Release|x86.ActiveCfg = Release|Win32
		{B8BFC3B7-F8D1-413C-8190-C6C0DAE0F05B}.Release|x86.Build.0 = Release|Win32
	EndGlobalSection
	GlobalSection(SolutionProperties) = preSolution
		HideSolutionNode = FALSE
	EndGlobalSection
	GlobalSection(ExtensibilityGlobals) = postSolution
		SolutionGuid = {19DC7273-4CC1-4D07-A3B0-562B3C022806}
	EndGlobalSection
EndGlobal
